{
  "nodes": {
    "agenix": {
      "inputs": {
        "nixpkgs": [
          "nixpkgs"
        ]
      },
      "locked": {
        "lastModified": 1652712410,
        "narHash": "sha256-hMJ2TqLt0DleEnQFGUHK9sV2aAzJPU8pZeiZoqRozbE=",
        "owner": "ryantm",
        "repo": "agenix",
        "rev": "7e5e58b98c3dcbf497543ff6f22591552ebfe65b",
        "type": "github"
      },
      "original": {
        "owner": "ryantm",
        "repo": "agenix",
        "type": "github"
      }
    },
    "base16": {
      "inputs": {
        "nixpkgs": [
          "stylix",
          "nixpkgs"
        ]
      },
      "locked": {
        "lastModified": 1658255652,
        "narHash": "sha256-Uzb9wmFfKTcv12UjPNA+qUxpMrkJt1GLjZ4ZMyCZqgE=",
        "owner": "SenchoPens",
        "repo": "base16.nix",
        "rev": "4b57d524bbcbc3cdb0ee3de3f0c025dbc861732c",
        "type": "github"
      },
      "original": {
        "owner": "SenchoPens",
        "repo": "base16.nix",
        "type": "github"
      }
    },
    "base16-schemes": {
      "flake": false,
      "locked": {
        "lastModified": 1657650255,
        "narHash": "sha256-xmBDrZXWeQNHRodVBwW9eUNQc6pwm0PGDFT66R3QWyE=",
        "owner": "base16-project",
        "repo": "base16-schemes",
        "rev": "99529527e7cb3d777fb6e041c2aabbe6cdec4c4c",
        "type": "github"
      },
      "original": {
        "owner": "base16-project",
        "repo": "base16-schemes",
        "type": "github"
      }
    },
    "base16-vim-lightline": {
      "flake": false,
      "locked": {
        "lastModified": 1563989007,
        "narHash": "sha256-Sbkx/2RTa/UEW82aNf9Rlyd6vRAbSyn1pgPMNWdknVE=",
        "owner": "mike-hearn",
        "repo": "base16-vim-lightline",
        "rev": "cea11b7d0a407eccf0085feefb5e3be2ec99bdbb",
        "type": "github"
      },
      "original": {
        "owner": "mike-hearn",
        "repo": "base16-vim-lightline",
        "type": "github"
      }
    },
    "base16-waybar": {
      "flake": false,
      "locked": {
        "lastModified": 1546831770,
        "narHash": "sha256-ehb4CLLPJ/SjMz53/inuP9ine2CfIpexp2O1lVHihM0=",
        "owner": "mnussbaum",
        "repo": "base16-waybar",
        "rev": "d2f943b1abb9c9f295e4c6760b7bdfc2125171d2",
        "type": "github"
      },
      "original": {
        "owner": "mnussbaum",
        "repo": "base16-waybar",
        "type": "github"
      }
    },
    "cfetch": {
      "inputs": {
        "flake-utils": "flake-utils",
        "nixpkgs": [
          "nixpkgs"
        ]
      },
      "locked": {
        "lastModified": 1655516680,
        "narHash": "sha256-OpzVchQgYrvDkerDN0K8vhU+5U0PtAdMjgbXWr4lOY8=",
        "owner": "Lyndeno",
        "repo": "cfetch",
        "rev": "1dcde4db5cb22364044d4a1397313ce335b91ca8",
        "type": "github"
      },
      "original": {
        "owner": "Lyndeno",
        "ref": "master",
        "repo": "cfetch",
        "type": "github"
      }
    },
    "flake-utils": {
      "locked": {
        "lastModified": 1653893745,
        "narHash": "sha256-0jntwV3Z8//YwuOjzhV2sgJJPt+HY6KhU7VZUL0fKZQ=",
        "owner": "numtide",
        "repo": "flake-utils",
        "rev": "1ed9fb1935d260de5fe1c2f7ee0ebaae17ed2fa1",
        "type": "github"
      },
      "original": {
        "owner": "numtide",
        "repo": "flake-utils",
        "type": "github"
      }
    },
    "flake-utils_2": {
      "locked": {
        "lastModified": 1653893745,
        "narHash": "sha256-0jntwV3Z8//YwuOjzhV2sgJJPt+HY6KhU7VZUL0fKZQ=",
        "owner": "numtide",
        "repo": "flake-utils",
        "rev": "1ed9fb1935d260de5fe1c2f7ee0ebaae17ed2fa1",
        "type": "github"
      },
      "original": {
        "owner": "numtide",
        "repo": "flake-utils",
        "type": "github"
      }
    },
    "home-manager": {
      "inputs": {
        "nixpkgs": [
          "nixpkgs"
        ],
        "utils": "utils"
      },
      "locked": {
        "lastModified": 1658751516,
        "narHash": "sha256-Y/3dHoTjbvYBtWd+TTBQJUIgDPO9d+Gqt05C5dyR7E4=",
        "owner": "nix-community",
        "repo": "home-manager",
        "rev": "dbed4c794d20d51027fc1107f063ec5be027dafc",
        "type": "github"
      },
      "original": {
        "owner": "nix-community",
        "ref": "master",
        "repo": "home-manager",
        "type": "github"
      }
    },
    "nixos-hardware": {
      "locked": {
        "lastModified": 1658401027,
        "narHash": "sha256-z/sDfzsFOoWNO9nZGfxDCNjHqXvSVZLDBDSgzr9qDXE=",
        "owner": "NixOS",
        "repo": "nixos-hardware",
        "rev": "83009edccc2e24afe3d0165ed98b60ff7471a5f8",
        "type": "github"
      },
      "original": {
        "id": "nixos-hardware",
        "ref": "master",
        "type": "indirect"
      }
    },
    "nixpkgs": {
      "locked": {
        "lastModified": 1658737577,
        "narHash": "sha256-xosJ5nJT9HX+b6UWsSX6R+ap4AdZOCrl/r+IKFp2ASQ=",
        "owner": "NixOS",
        "repo": "nixpkgs",
        "rev": "5a0e0d73b944157328d54c4ded1cf2f0146a86a5",
        "type": "github"
      },
      "original": {
        "id": "nixpkgs",
        "ref": "nixos-unstable",
        "type": "indirect"
      }
    },
    "root": {
      "inputs": {
        "agenix": "agenix",
        "base16-schemes": "base16-schemes",
        "base16-vim-lightline": "base16-vim-lightline",
        "base16-waybar": "base16-waybar",
        "cfetch": "cfetch",
        "home-manager": "home-manager",
        "nixos-hardware": "nixos-hardware",
        "nixpkgs": "nixpkgs",
        "site": "site",
        "stylix": "stylix",
        "wallpapers": "wallpapers"
      }
    },
    "site": {
      "inputs": {
        "flake-utils": "flake-utils_2",
        "nixpkgs": [
          "nixpkgs"
        ]
      },
      "locked": {
        "lastModified": 1655299612,
        "narHash": "sha256-LwBC2BPymRxzyyojv2Z308MheVeguT5EJk++Em/2YtQ=",
        "owner": "Lyndeno",
        "repo": "website-hugo",
        "rev": "a9438f1aec68dda6f98144232c48c3fcfb327a87",
        "type": "github"
      },
      "original": {
        "owner": "Lyndeno",
        "repo": "website-hugo",
        "type": "github"
      }
    },
    "stylix": {
      "inputs": {
        "base16": "base16",
        "nixpkgs": [
          "nixpkgs"
        ]
      },
      "locked": {
        "lastModified": 1658777923,
        "narHash": "sha256-yLlA6Ii8QuWaPrUjT8euJoeoIpx6WnVQu8FQBKaTnIw=",
        "owner": "danth",
        "repo": "stylix",
        "rev": "a1c4e8179bfe7345945b6c18998b5b0480e58bbd",
        "type": "github"
      },
      "original": {
        "owner": "danth",
        "repo": "stylix",
        "type": "github"
      }
    },
    "utils": {
      "locked": {
        "lastModified": 1653893745,
        "narHash": "sha256-0jntwV3Z8//YwuOjzhV2sgJJPt+HY6KhU7VZUL0fKZQ=",
        "owner": "numtide",
        "repo": "flake-utils",
        "rev": "1ed9fb1935d260de5fe1c2f7ee0ebaae17ed2fa1",
        "type": "github"
      },
      "original": {
        "owner": "numtide",
        "repo": "flake-utils",
        "type": "github"
      }
    },
    "wallpapers": {
      "flake": false,
      "locked": {
        "lastModified": 1655499379,
        "narHash": "sha256-UCACObY2k2KDubfEdvVbwHF886JolylWUMExsestEIQ=",
        "owner": "Lyndeno",
        "repo": "wallpapers",
        "rev": "2e87db22e6792646ae9eac359b1b14aebb90cc0d",
        "type": "github"
      },
      "original": {
        "owner": "Lyndeno",
        "repo": "wallpapers",
        "type": "github"
      }
    }
  },
  "root": "root",
  "version": 7
}
