{ extensions = [
  {
    name = "direnv";
    publisher = "mkhl";
    version = "0.9.0";
    sha256 = "0x02bykmwi13qr42y8gc49jq1sw0frizb49i571lqd4z3hcimdzf";
  }
  {
    name = "vscode-todo-highlight";
    publisher = "wayou";
    version = "1.0.5";
    sha256 = "1sg4zbr1jgj9adsj3rik5flcn6cbr4k2pzxi446rfzbzvcqns189";
  }
];
}