{ extensions = [
  {
    name = "direnv";
    publisher = "mkhl";
    version = "0.10.0";
    sha256 = "07cf0qwy0ppkg93vqqff3zx5g7vpwcihkbadwkdsdrll2wc6qj62";
  }
  {
    name = "vscode-todo-highlight";
    publisher = "wayou";
    version = "1.0.5";
    sha256 = "1sg4zbr1jgj9adsj3rik5flcn6cbr4k2pzxi446rfzbzvcqns189";
  }
];
}